
Microsoft Visual Studio Solution File, Format Version 12.00
# Visual Studio Version 17
VisualStudioVersion = 17.0.32014.148
MinimumVisualStudioVersion = 10.0.40219.1
Project("{FAE04EC0-301F-11D3-BF4B-00C04F79EFBC}") = "CryptographyAlgorithmsBenchmarks", "CryptographyAlgorithmsBenchmarks\CryptographyAlgorithmsBenchmarks.csproj", "{6A405586-4214-405F-A616-F27B6EA12D02}"
EndProject
Global
	GlobalSection(SolutionConfigurationPlatforms) = preSolution
		Debug|Any CPU = Debug|Any CPU
		Release|Any CPU = Release|Any CPU
	EndGlobalSection
	GlobalSection(ProjectConfigurationPlatforms) = postSolution
		{6A405586-4214-405F-A616-F27B6EA12D02}.Debug|Any CPU.ActiveCfg = Debug|Any CPU
		{6A405586-4214-405F-A616-F27B6EA12D02}.Debug|Any CPU.Build.0 = Debug|Any CPU
		{6A405586-4214-405F-A616-F27B6EA12D02}.Release|Any CPU.ActiveCfg = Release|Any CPU
		{6A405586-4214-405F-A616-F27B6EA12D02}.Release|Any CPU.Build.0 = Release|Any CPU
	EndGlobalSection
	GlobalSection(SolutionProperties) = preSolution
		HideSolutionNode = FALSE
	EndGlobalSection
	GlobalSection(ExtensibilityGlobals) = postSolution
		SolutionGuid = {1C140F69-3F3C-47D1-A5CC-0FC066037FE1}
	EndGlobalSection
EndGlobal
