
Microsoft Visual Studio Solution File, Format Version 12.00
# Visual Studio Version 17
VisualStudioVersion = 17.0.32014.148
MinimumVisualStudioVersion = 10.0.40219.1
Project("{9A19103F-16F7-4668-BE54-9A1E7A4F7556}") = "CryptographyAlgorithmsBenchmarks", "CryptographyAlgorithmsBenchmarks\CryptographyAlgorithmsBenchmarks.csproj", "{6A405586-4214-405F-A616-F27B6EA12D02}"
EndProject
Project("{9A19103F-16F7-4668-BE54-9A1E7A4F7556}") = "GeneralAlgorithmsBenchmarks", "GeneralAlgorithmsBenchmarks\GeneralAlgorithmsBenchmarks.csproj", "{4EFB334B-4AA2-4F65-B460-60F3A1EEFFB6}"
EndProject
Project("{FAE04EC0-301F-11D3-BF4B-00C04F79EFBC}") = "EntityFrameworkCoreBenchmark", "EntityFrameworkCoreBenchmark\EntityFrameworkCoreBenchmark.csproj", "{B44893A6-FE89-47B5-810A-63C38FAEF3EB}"
EndProject
Global
	GlobalSection(SolutionConfigurationPlatforms) = preSolution
		Debug|Any CPU = Debug|Any CPU
		Release|Any CPU = Release|Any CPU
	EndGlobalSection
	GlobalSection(ProjectConfigurationPlatforms) = postSolution
		{6A405586-4214-405F-A616-F27B6EA12D02}.Debug|Any CPU.ActiveCfg = Debug|Any CPU
		{6A405586-4214-405F-A616-F27B6EA12D02}.Debug|Any CPU.Build.0 = Debug|Any CPU
		{6A405586-4214-405F-A616-F27B6EA12D02}.Release|Any CPU.ActiveCfg = Release|Any CPU
		{6A405586-4214-405F-A616-F27B6EA12D02}.Release|Any CPU.Build.0 = Release|Any CPU
		{4EFB334B-4AA2-4F65-B460-60F3A1EEFFB6}.Debug|Any CPU.ActiveCfg = Debug|Any CPU
		{4EFB334B-4AA2-4F65-B460-60F3A1EEFFB6}.Debug|Any CPU.Build.0 = Debug|Any CPU
		{4EFB334B-4AA2-4F65-B460-60F3A1EEFFB6}.Release|Any CPU.ActiveCfg = Release|Any CPU
		{4EFB334B-4AA2-4F65-B460-60F3A1EEFFB6}.Release|Any CPU.Build.0 = Release|Any CPU
		{B44893A6-FE89-47B5-810A-63C38FAEF3EB}.Debug|Any CPU.ActiveCfg = Debug|Any CPU
		{B44893A6-FE89-47B5-810A-63C38FAEF3EB}.Debug|Any CPU.Build.0 = Debug|Any CPU
		{B44893A6-FE89-47B5-810A-63C38FAEF3EB}.Release|Any CPU.ActiveCfg = Release|Any CPU
		{B44893A6-FE89-47B5-810A-63C38FAEF3EB}.Release|Any CPU.Build.0 = Release|Any CPU
	EndGlobalSection
	GlobalSection(SolutionProperties) = preSolution
		HideSolutionNode = FALSE
	EndGlobalSection
	GlobalSection(ExtensibilityGlobals) = postSolution
		SolutionGuid = {1C140F69-3F3C-47D1-A5CC-0FC066037FE1}
	EndGlobalSection
EndGlobal
